
Microsoft Visual Studio Solution File, Format Version 12.00
# Visual Studio 15
VisualStudioVersion = 15.0.28307.438
MinimumVisualStudioVersion = 10.0.40219.1
Project("{FAE04EC0-301F-11D3-BF4B-00C04F79EFBC}") = "quizz", "quizz\quizz.csproj", "{07B71A2B-2F48-45FF-82E1-44C9CE40B928}"
EndProject
Global
	GlobalSection(SolutionConfigurationPlatforms) = preSolution
		Debug|Any CPU = Debug|Any CPU
		Release|Any CPU = Release|Any CPU
	EndGlobalSection
	GlobalSection(ProjectConfigurationPlatforms) = postSolution
		{07B71A2B-2F48-45FF-82E1-44C9CE40B928}.Debug|Any CPU.ActiveCfg = Debug|Any CPU
		{07B71A2B-2F48-45FF-82E1-44C9CE40B928}.Debug|Any CPU.Build.0 = Debug|Any CPU
		{07B71A2B-2F48-45FF-82E1-44C9CE40B928}.Release|Any CPU.ActiveCfg = Release|Any CPU
		{07B71A2B-2F48-45FF-82E1-44C9CE40B928}.Release|Any CPU.Build.0 = Release|Any CPU
	EndGlobalSection
	GlobalSection(SolutionProperties) = preSolution
		HideSolutionNode = FALSE
	EndGlobalSection
	GlobalSection(ExtensibilityGlobals) = postSolution
		SolutionGuid = {D45FFFF3-103A-4C9F-828C-EB701D94B246}
	EndGlobalSection
EndGlobal
